# This file is autogenerated, do not edit; changes may be undone by the next 'dep ensure'.


[[projects]]
  name = "github.com/BurntSushi/toml"
  packages = ["."]
  revision = "b26d9c308763d68093482582cea63d69be07a0f0"
  version = "v0.3.0"

[[projects]]
  branch = "master"
  name = "github.com/shurcooL/sanitized_anchor_name"
  packages = ["."]
  revision = "86672fcb3f950f35f2e675df2240550f2a50762f"

[[projects]]
  name = "github.com/srackham/go-rimu"
  packages = [
    "internal/api",
    "internal/blockattributes",
    "internal/delimitedblocks",
    "internal/expansion",
    "internal/iotext",
    "internal/lineblocks",
    "internal/lists",
    "internal/macros",
    "internal/options",
    "internal/quotes",
    "internal/replacements",
    "internal/spans",
    "internal/utils/re",
    "internal/utils/str",
    "internal/utils/stringlist",
    "rimu"
  ]
  revision = "b735a3c26d68f1f5f0581175a21306bb6d1c871f"
  version = "v11.0.0"

[[projects]]
  name = "gopkg.in/russross/blackfriday.v2"
  packages = ["."]
  revision = "cadec560ec52d93835bf2f15bd794700d3a2473b"
  version = "v2.0.0"

[[projects]]
  name = "gopkg.in/yaml.v2"
  packages = ["."]
  revision = "5420a8b6744d3b0345ab293f6fcba19c978f1183"
  version = "v2.2.1"

[solve-meta]
  analyzer-name = "dep"
  analyzer-version = 1
  inputs-digest = "3eaadd774c53e5b66d2af1df7d8acbc6c1d3d0fc4a7e54bfd0ff5ab9938bd5dd"
  solver-name = "gps-cdcl"
  solver-version = 1
